// !$*UTF8*$!
{
	archiveVersion = 1;
	classes = {
	};
	objectVersion = 77;
	objects = {

/* Begin PBXBuildFile section */
		3F2269202D4C0F0E005C5BEF /* Localizable.strings in Resources */ = {isa = PBXBuildFile; fileRef = 3F22691E2D4C0F0E005C5BEF /* Localizable.strings */; };
		3FBEF3DB2D36AD1E00AB45C5 /* FirebaseCore in Frameworks */ = {isa = PBXBuildFile; productRef = 3FBEF3DA2D36AD1E00AB45C5 /* FirebaseCore */; };
		3FBEF3DD2D36AD6500AB45C5 /* FirebaseAnalytics in Frameworks */ = {isa = PBXBuildFile; productRef = 3FBEF3DC2D36AD6500AB45C5 /* FirebaseAnalytics */; };
		3FBEF3DF2D36AD6500AB45C5 /* FirebaseAnalyticsOnDeviceConversion in Frameworks */ = {isa = PBXBuildFile; productRef = 3FBEF3DE2D36AD6500AB45C5 /* FirebaseAnalyticsOnDeviceConversion */; };
		3FBEF3E12D36AD6500AB45C5 /* FirebaseAnalyticsWithoutAdIdSupport in Frameworks */ = {isa = PBXBuildFile; productRef = 3FBEF3E02D36AD6500AB45C5 /* FirebaseAnalyticsWithoutAdIdSupport */; };
		3FBEF3E32D36AD6500AB45C5 /* FirebaseAppCheck in Frameworks */ = {isa = PBXBuildFile; productRef = 3FBEF3E22D36AD6500AB45C5 /* FirebaseAppCheck */; };
		3FBEF3E52D36AD6500AB45C5 /* FirebaseAppDistribution-Beta in Frameworks */ = {isa = PBXBuildFile; productRef = 3FBEF3E42D36AD6500AB45C5 /* FirebaseAppDistribution-Beta */; };
		3FBEF3E72D36AD6500AB45C5 /* FirebaseAuth in Frameworks */ = {isa = PBXBuildFile; productRef = 3FBEF3E62D36AD6500AB45C5 /* FirebaseAuth */; };
		3FBEF3E92D36AD6500AB45C5 /* FirebaseAuthCombine-Community in Frameworks */ = {isa = PBXBuildFile; productRef = 3FBEF3E82D36AD6500AB45C5 /* FirebaseAuthCombine-Community */; };
		3FBEF3EB2D36AD6500AB45C5 /* FirebaseCrashlytics in Frameworks */ = {isa = PBXBuildFile; productRef = 3FBEF3EA2D36AD6500AB45C5 /* FirebaseCrashlytics */; };
		3FBEF3ED2D36AD6500AB45C5 /* FirebaseDatabase in Frameworks */ = {isa = PBXBuildFile; productRef = 3FBEF3EC2D36AD6500AB45C5 /* FirebaseDatabase */; };
		3FBEF3EF2D36AD6500AB45C5 /* FirebaseDynamicLinks in Frameworks */ = {isa = PBXBuildFile; productRef = 3FBEF3EE2D36AD6500AB45C5 /* FirebaseDynamicLinks */; };
		3FBEF3F12D36AD6500AB45C5 /* FirebaseFirestore in Frameworks */ = {isa = PBXBuildFile; productRef = 3FBEF3F02D36AD6500AB45C5 /* FirebaseFirestore */; };
		3FBEF3F32D36AD6500AB45C5 /* FirebaseFirestoreCombine-Community in Frameworks */ = {isa = PBXBuildFile; productRef = 3FBEF3F22D36AD6500AB45C5 /* FirebaseFirestoreCombine-Community */; };
		3FBEF3F52D36AD6500AB45C5 /* FirebaseFunctions in Frameworks */ = {isa = PBXBuildFile; productRef = 3FBEF3F42D36AD6500AB45C5 /* FirebaseFunctions */; };
		3FBEF3F72D36AD6500AB45C5 /* FirebaseFunctionsCombine-Community in Frameworks */ = {isa = PBXBuildFile; productRef = 3FBEF3F62D36AD6500AB45C5 /* FirebaseFunctionsCombine-Community */; };
		3FBEF3F92D36AD6500AB45C5 /* FirebaseInAppMessaging-Beta in Frameworks */ = {isa = PBXBuildFile; productRef = 3FBEF3F82D36AD6500AB45C5 /* FirebaseInAppMessaging-Beta */; };
		3FBEF3FB2D36AD6500AB45C5 /* FirebaseInstallations in Frameworks */ = {isa = PBXBuildFile; productRef = 3FBEF3FA2D36AD6500AB45C5 /* FirebaseInstallations */; };
		3FBEF3FD2D36AD6500AB45C5 /* FirebaseMessaging in Frameworks */ = {isa = PBXBuildFile; productRef = 3FBEF3FC2D36AD6500AB45C5 /* FirebaseMessaging */; };
		3FBEF3FF2D36AD6500AB45C5 /* FirebaseMLModelDownloader in Frameworks */ = {isa = PBXBuildFile; productRef = 3FBEF3FE2D36AD6500AB45C5 /* FirebaseMLModelDownloader */; };
		3FBEF4012D36AD6500AB45C5 /* FirebasePerformance in Frameworks */ = {isa = PBXBuildFile; productRef = 3FBEF4002D36AD6500AB45C5 /* FirebasePerformance */; };
		3FBEF4032D36AD6500AB45C5 /* FirebaseRemoteConfig in Frameworks */ = {isa = PBXBuildFile; productRef = 3FBEF4022D36AD6500AB45C5 /* FirebaseRemoteConfig */; };
		3FBEF4052D36AD6500AB45C5 /* FirebaseStorage in Frameworks */ = {isa = PBXBuildFile; productRef = 3FBEF4042D36AD6500AB45C5 /* FirebaseStorage */; };
		3FBEF4072D36AD6500AB45C5 /* FirebaseStorageCombine-Community in Frameworks */ = {isa = PBXBuildFile; productRef = 3FBEF4062D36AD6500AB45C5 /* FirebaseStorageCombine-Community */; };
		3FBEF4092D36AD6500AB45C5 /* FirebaseVertexAI in Frameworks */ = {isa = PBXBuildFile; productRef = 3FBEF4082D36AD6500AB45C5 /* FirebaseVertexAI */; };
		3FBEF4D22D37163E00AB45C5 /* GoogleSignIn in Frameworks */ = {isa = PBXBuildFile; productRef = 3FBEF4D12D37163E00AB45C5 /* GoogleSignIn */; };
		3FBEF4D42D37163E00AB45C5 /* GoogleSignInSwift in Frameworks */ = {isa = PBXBuildFile; productRef = 3FBEF4D32D37163E00AB45C5 /* GoogleSignInSwift */; };
/* End PBXBuildFile section */

/* Begin PBXFileReference section */
		3F22691F2D4C0F0E005C5BEF /* en */ = {isa = PBXFileReference; lastKnownFileType = text.plist.strings; name = en; path = en.lproj/Localizable.strings; sourceTree = "<group>"; };
		3F2269212D4C0FDE005C5BEF /* ka */ = {isa = PBXFileReference; lastKnownFileType = text.plist.strings; name = ka; path = ka.lproj/Localizable.strings; sourceTree = "<group>"; };
		3F75893D2D34E48700DC60EF /* HappyPaws.app */ = {isa = PBXFileReference; explicitFileType = wrapper.application; includeInIndex = 0; path = HappyPaws.app; sourceTree = BUILT_PRODUCTS_DIR; };
/* End PBXFileReference section */

/* Begin PBXFileSystemSynchronizedBuildFileExceptionSet section */
		3F758A092D3503CC00DC60EF /* Exceptions for "HappyPaws" folder in "HappyPaws" target */ = {
			isa = PBXFileSystemSynchronizedBuildFileExceptionSet;
			membershipExceptions = (
				Info.plist,
			);
			target = 3F75893C2D34E48700DC60EF /* HappyPaws */;
		};
/* End PBXFileSystemSynchronizedBuildFileExceptionSet section */

/* Begin PBXFileSystemSynchronizedRootGroup section */
		3F75893F2D34E48700DC60EF /* HappyPaws */ = {
			isa = PBXFileSystemSynchronizedRootGroup;
			exceptions = (
				3F758A092D3503CC00DC60EF /* Exceptions for "HappyPaws" folder in "HappyPaws" target */,
			);
			path = HappyPaws;
			sourceTree = "<group>";
		};
/* End PBXFileSystemSynchronizedRootGroup section */

/* Begin PBXFrameworksBuildPhase section */
		3F75893A2D34E48700DC60EF /* Frameworks */ = {
			isa = PBXFrameworksBuildPhase;
			buildActionMask = 2147483647;
			files = (
				3FBEF3FD2D36AD6500AB45C5 /* FirebaseMessaging in Frameworks */,
				3FBEF4092D36AD6500AB45C5 /* FirebaseVertexAI in Frameworks */,
				3FBEF3F32D36AD6500AB45C5 /* FirebaseFirestoreCombine-Community in Frameworks */,
				3FBEF4012D36AD6500AB45C5 /* FirebasePerformance in Frameworks */,
				3FBEF4072D36AD6500AB45C5 /* FirebaseStorageCombine-Community in Frameworks */,
				3FBEF4D42D37163E00AB45C5 /* GoogleSignInSwift in Frameworks */,
				3FBEF4032D36AD6500AB45C5 /* FirebaseRemoteConfig in Frameworks */,
				3FBEF3F52D36AD6500AB45C5 /* FirebaseFunctions in Frameworks */,
				3FBEF3ED2D36AD6500AB45C5 /* FirebaseDatabase in Frameworks */,
				3FBEF3EF2D36AD6500AB45C5 /* FirebaseDynamicLinks in Frameworks */,
				3FBEF3DD2D36AD6500AB45C5 /* FirebaseAnalytics in Frameworks */,
				3FBEF3DF2D36AD6500AB45C5 /* FirebaseAnalyticsOnDeviceConversion in Frameworks */,
				3FBEF3DB2D36AD1E00AB45C5 /* FirebaseCore in Frameworks */,
				3FBEF3F12D36AD6500AB45C5 /* FirebaseFirestore in Frameworks */,
				3FBEF3FB2D36AD6500AB45C5 /* FirebaseInstallations in Frameworks */,
				3FBEF3F72D36AD6500AB45C5 /* FirebaseFunctionsCombine-Community in Frameworks */,
				3FBEF4D22D37163E00AB45C5 /* GoogleSignIn in Frameworks */,
				3FBEF3E32D36AD6500AB45C5 /* FirebaseAppCheck in Frameworks */,
				3FBEF3FF2D36AD6500AB45C5 /* FirebaseMLModelDownloader in Frameworks */,
				3FBEF3E12D36AD6500AB45C5 /* FirebaseAnalyticsWithoutAdIdSupport in Frameworks */,
				3FBEF3F92D36AD6500AB45C5 /* FirebaseInAppMessaging-Beta in Frameworks */,
				3FBEF3E72D36AD6500AB45C5 /* FirebaseAuth in Frameworks */,
				3FBEF3EB2D36AD6500AB45C5 /* FirebaseCrashlytics in Frameworks */,
				3FBEF4052D36AD6500AB45C5 /* FirebaseStorage in Frameworks */,
				3FBEF3E52D36AD6500AB45C5 /* FirebaseAppDistribution-Beta in Frameworks */,
				3FBEF3E92D36AD6500AB45C5 /* FirebaseAuthCombine-Community in Frameworks */,
			);
			runOnlyForDeploymentPostprocessing = 0;
		};
/* End PBXFrameworksBuildPhase section */

/* Begin PBXGroup section */
		3F7589342D34E48700DC60EF = {
			isa = PBXGroup;
			children = (
				3F22691E2D4C0F0E005C5BEF /* Localizable.strings */,
				3F75893F2D34E48700DC60EF /* HappyPaws */,
				3FBEF3D92D36AC7500AB45C5 /* Frameworks */,
				3F75893E2D34E48700DC60EF /* Products */,
			);
			sourceTree = "<group>";
		};
		3F75893E2D34E48700DC60EF /* Products */ = {
			isa = PBXGroup;
			children = (
				3F75893D2D34E48700DC60EF /* HappyPaws.app */,
			);
			name = Products;
			sourceTree = "<group>";
		};
		3FBEF3D92D36AC7500AB45C5 /* Frameworks */ = {
			isa = PBXGroup;
			children = (
			);
			name = Frameworks;
			sourceTree = "<group>";
		};
/* End PBXGroup section */

/* Begin PBXNativeTarget section */
		3F75893C2D34E48700DC60EF /* HappyPaws */ = {
			isa = PBXNativeTarget;
			buildConfigurationList = 3F7589502D34E48800DC60EF /* Build configuration list for PBXNativeTarget "HappyPaws" */;
			buildPhases = (
				3F7589392D34E48700DC60EF /* Sources */,
				3F75893A2D34E48700DC60EF /* Frameworks */,
				3F75893B2D34E48700DC60EF /* Resources */,
			);
			buildRules = (
			);
			dependencies = (
			);
			fileSystemSynchronizedGroups = (
				3F75893F2D34E48700DC60EF /* HappyPaws */,
			);
			name = HappyPaws;
			packageProductDependencies = (
				3FBEF3DA2D36AD1E00AB45C5 /* FirebaseCore */,
				3FBEF3DC2D36AD6500AB45C5 /* FirebaseAnalytics */,
				3FBEF3DE2D36AD6500AB45C5 /* FirebaseAnalyticsOnDeviceConversion */,
				3FBEF3E02D36AD6500AB45C5 /* FirebaseAnalyticsWithoutAdIdSupport */,
				3FBEF3E22D36AD6500AB45C5 /* FirebaseAppCheck */,
				3FBEF3E42D36AD6500AB45C5 /* FirebaseAppDistribution-Beta */,
				3FBEF3E62D36AD6500AB45C5 /* FirebaseAuth */,
				3FBEF3E82D36AD6500AB45C5 /* FirebaseAuthCombine-Community */,
				3FBEF3EA2D36AD6500AB45C5 /* FirebaseCrashlytics */,
				3FBEF3EC2D36AD6500AB45C5 /* FirebaseDatabase */,
				3FBEF3EE2D36AD6500AB45C5 /* FirebaseDynamicLinks */,
				3FBEF3F02D36AD6500AB45C5 /* FirebaseFirestore */,
				3FBEF3F22D36AD6500AB45C5 /* FirebaseFirestoreCombine-Community */,
				3FBEF3F42D36AD6500AB45C5 /* FirebaseFunctions */,
				3FBEF3F62D36AD6500AB45C5 /* FirebaseFunctionsCombine-Community */,
				3FBEF3F82D36AD6500AB45C5 /* FirebaseInAppMessaging-Beta */,
				3FBEF3FA2D36AD6500AB45C5 /* FirebaseInstallations */,
				3FBEF3FC2D36AD6500AB45C5 /* FirebaseMessaging */,
				3FBEF3FE2D36AD6500AB45C5 /* FirebaseMLModelDownloader */,
				3FBEF4002D36AD6500AB45C5 /* FirebasePerformance */,
				3FBEF4022D36AD6500AB45C5 /* FirebaseRemoteConfig */,
				3FBEF4042D36AD6500AB45C5 /* FirebaseStorage */,
				3FBEF4062D36AD6500AB45C5 /* FirebaseStorageCombine-Community */,
				3FBEF4082D36AD6500AB45C5 /* FirebaseVertexAI */,
				3FBEF4D12D37163E00AB45C5 /* GoogleSignIn */,
				3FBEF4D32D37163E00AB45C5 /* GoogleSignInSwift */,
			);
			productName = HappyPaws;
			productReference = 3F75893D2D34E48700DC60EF /* HappyPaws.app */;
			productType = "com.apple.product-type.application";
		};
/* End PBXNativeTarget section */

/* Begin PBXProject section */
		3F7589352D34E48700DC60EF /* Project object */ = {
			isa = PBXProject;
			attributes = {
				BuildIndependentTargetsInParallel = 1;
				LastSwiftUpdateCheck = 1610;
				LastUpgradeCheck = 1610;
				TargetAttributes = {
					3F75893C2D34E48700DC60EF = {
						CreatedOnToolsVersion = 16.1;
					};
				};
			};
			buildConfigurationList = 3F7589382D34E48700DC60EF /* Build configuration list for PBXProject "HappyPaws" */;
			developmentRegion = en;
			hasScannedForEncodings = 0;
			knownRegions = (
				en,
				Base,
				ka,
			);
			mainGroup = 3F7589342D34E48700DC60EF;
			minimizedProjectReferenceProxies = 1;
			packageReferences = (
				3FD999742D36A7CF00229E4A /* XCRemoteSwiftPackageReference "firebase-ios-sdk" */,
				3FBEF4D02D37163E00AB45C5 /* XCRemoteSwiftPackageReference "GoogleSignIn-iOS" */,
			);
			preferredProjectObjectVersion = 77;
			productRefGroup = 3F75893E2D34E48700DC60EF /* Products */;
			projectDirPath = "";
			projectRoot = "";
			targets = (
				3F75893C2D34E48700DC60EF /* HappyPaws */,
			);
		};
/* End PBXProject section */

/* Begin PBXResourcesBuildPhase section */
		3F75893B2D34E48700DC60EF /* Resources */ = {
			isa = PBXResourcesBuildPhase;
			buildActionMask = 2147483647;
			files = (
				3F2269202D4C0F0E005C5BEF /* Localizable.strings in Resources */,
			);
			runOnlyForDeploymentPostprocessing = 0;
		};
/* End PBXResourcesBuildPhase section */

/* Begin PBXSourcesBuildPhase section */
		3F7589392D34E48700DC60EF /* Sources */ = {
			isa = PBXSourcesBuildPhase;
			buildActionMask = 2147483647;
			files = (
			);
			runOnlyForDeploymentPostprocessing = 0;
		};
/* End PBXSourcesBuildPhase section */

/* Begin PBXVariantGroup section */
		3F22691E2D4C0F0E005C5BEF /* Localizable.strings */ = {
			isa = PBXVariantGroup;
			children = (
				3F22691F2D4C0F0E005C5BEF /* en */,
				3F2269212D4C0FDE005C5BEF /* ka */,
			);
			name = Localizable.strings;
			sourceTree = "<group>";
		};
/* End PBXVariantGroup section */

/* Begin XCBuildConfiguration section */
		3F7589512D34E48800DC60EF /* Debug */ = {
			isa = XCBuildConfiguration;
			buildSettings = {
				ASSETCATALOG_COMPILER_APPICON_NAME = AppIcon;
				ASSETCATALOG_COMPILER_GLOBAL_ACCENT_COLOR_NAME = AccentColor;
				CODE_SIGN_STYLE = Automatic;
				CURRENT_PROJECT_VERSION = 1;
				DEVELOPMENT_TEAM = MCNHCYJ8N3;
				GENERATE_INFOPLIST_FILE = YES;
				INFOPLIST_FILE = HappyPaws/Info.plist;
				INFOPLIST_KEY_CFBundleDisplayName = HappyPaws;
				INFOPLIST_KEY_UIApplicationSupportsIndirectInputEvents = YES;
				INFOPLIST_KEY_UILaunchStoryboardName = LaunchScreen;
				INFOPLIST_KEY_UISupportedInterfaceOrientations_iPad = "UIInterfaceOrientationPortrait UIInterfaceOrientationPortraitUpsideDown UIInterfaceOrientationLandscapeLeft UIInterfaceOrientationLandscapeRight";
				INFOPLIST_KEY_UISupportedInterfaceOrientations_iPhone = "UIInterfaceOrientationPortrait UIInterfaceOrientationLandscapeLeft UIInterfaceOrientationLandscapeRight";
				IPHONEOS_DEPLOYMENT_TARGET = 16.0;
				LD_RUNPATH_SEARCH_PATHS = (
					"$(inherited)",
					"@executable_path/Frameworks",
				);
				MARKETING_VERSION = 1.0;
				PRODUCT_BUNDLE_IDENTIFIER = ninodimitriadi.HappyPaws;
				PRODUCT_NAME = "$(TARGET_NAME)";
				SWIFT_EMIT_LOC_STRINGS = YES;
				SWIFT_VERSION = 5.0;
				TARGETED_DEVICE_FAMILY = "1,2";
			};
			name = Debug;
		};
		3F7589522D34E48800DC60EF /* Release */ = {
			isa = XCBuildConfiguration;
			buildSettings = {
				ASSETCATALOG_COMPILER_APPICON_NAME = AppIcon;
				ASSETCATALOG_COMPILER_GLOBAL_ACCENT_COLOR_NAME = AccentColor;
				CODE_SIGN_STYLE = Automatic;
				CURRENT_PROJECT_VERSION = 1;
				DEVELOPMENT_TEAM = MCNHCYJ8N3;
				GENERATE_INFOPLIST_FILE = YES;
				INFOPLIST_FILE = HappyPaws/Info.plist;
				INFOPLIST_KEY_CFBundleDisplayName = HappyPaws;
				INFOPLIST_KEY_UIApplicationSupportsIndirectInputEvents = YES;
				INFOPLIST_KEY_UILaunchStoryboardName = LaunchScreen;
				INFOPLIST_KEY_UISupportedInterfaceOrientations_iPad = "UIInterfaceOrientationPortrait UIInterfaceOrientationPortraitUpsideDown UIInterfaceOrientationLandscapeLeft UIInterfaceOrientationLandscapeRight";
				INFOPLIST_KEY_UISupportedInterfaceOrientations_iPhone = "UIInterfaceOrientationPortrait UIInterfaceOrientationLandscapeLeft UIInterfaceOrientationLandscapeRight";
				IPHONEOS_DEPLOYMENT_TARGET = 16.0;
				LD_RUNPATH_SEARCH_PATHS = (
					"$(inherited)",
					"@executable_path/Frameworks",
				);
				MARKETING_VERSION = 1.0;
				PRODUCT_BUNDLE_IDENTIFIER = ninodimitriadi.HappyPaws;
				PRODUCT_NAME = "$(TARGET_NAME)";
				SWIFT_EMIT_LOC_STRINGS = YES;
				SWIFT_VERSION = 5.0;
				TARGETED_DEVICE_FAMILY = "1,2";
			};
			name = Release;
		};
		3F7589532D34E48800DC60EF /* Debug */ = {
			isa = XCBuildConfiguration;
			buildSettings = {
				ALWAYS_SEARCH_USER_PATHS = NO;
				ASSETCATALOG_COMPILER_GENERATE_SWIFT_ASSET_SYMBOL_EXTENSIONS = YES;
				CLANG_ANALYZER_NONNULL = YES;
				CLANG_ANALYZER_NUMBER_OBJECT_CONVERSION = YES_AGGRESSIVE;
				CLANG_CXX_LANGUAGE_STANDARD = "gnu++20";
				CLANG_ENABLE_MODULES = YES;
				CLANG_ENABLE_OBJC_ARC = YES;
				CLANG_ENABLE_OBJC_WEAK = YES;
				CLANG_WARN_BLOCK_CAPTURE_AUTORELEASING = YES;
				CLANG_WARN_BOOL_CONVERSION = YES;
				CLANG_WARN_COMMA = YES;
				CLANG_WARN_CONSTANT_CONVERSION = YES;
				CLANG_WARN_DEPRECATED_OBJC_IMPLEMENTATIONS = YES;
				CLANG_WARN_DIRECT_OBJC_ISA_USAGE = YES_ERROR;
				CLANG_WARN_DOCUMENTATION_COMMENTS = YES;
				CLANG_WARN_EMPTY_BODY = YES;
				CLANG_WARN_ENUM_CONVERSION = YES;
				CLANG_WARN_INFINITE_RECURSION = YES;
				CLANG_WARN_INT_CONVERSION = YES;
				CLANG_WARN_NON_LITERAL_NULL_CONVERSION = YES;
				CLANG_WARN_OBJC_IMPLICIT_RETAIN_SELF = YES;
				CLANG_WARN_OBJC_LITERAL_CONVERSION = YES;
				CLANG_WARN_OBJC_ROOT_CLASS = YES_ERROR;
				CLANG_WARN_QUOTED_INCLUDE_IN_FRAMEWORK_HEADER = YES;
				CLANG_WARN_RANGE_LOOP_ANALYSIS = YES;
				CLANG_WARN_STRICT_PROTOTYPES = YES;
				CLANG_WARN_SUSPICIOUS_MOVE = YES;
				CLANG_WARN_UNGUARDED_AVAILABILITY = YES_AGGRESSIVE;
				CLANG_WARN_UNREACHABLE_CODE = YES;
				CLANG_WARN__DUPLICATE_METHOD_MATCH = YES;
				COPY_PHASE_STRIP = NO;
				DEBUG_INFORMATION_FORMAT = dwarf;
				ENABLE_STRICT_OBJC_MSGSEND = YES;
				ENABLE_TESTABILITY = YES;
				ENABLE_USER_SCRIPT_SANDBOXING = YES;
				GCC_C_LANGUAGE_STANDARD = gnu17;
				GCC_DYNAMIC_NO_PIC = NO;
				GCC_NO_COMMON_BLOCKS = YES;
				GCC_OPTIMIZATION_LEVEL = 0;
				GCC_PREPROCESSOR_DEFINITIONS = (
					"DEBUG=1",
					"$(inherited)",
				);
				GCC_WARN_64_TO_32_BIT_CONVERSION = YES;
				GCC_WARN_ABOUT_RETURN_TYPE = YES_ERROR;
				GCC_WARN_UNDECLARED_SELECTOR = YES;
				GCC_WARN_UNINITIALIZED_AUTOS = YES_AGGRESSIVE;
				GCC_WARN_UNUSED_FUNCTION = YES;
				GCC_WARN_UNUSED_VARIABLE = YES;
				IPHONEOS_DEPLOYMENT_TARGET = 16.6;
				LOCALIZATION_PREFERS_STRING_CATALOGS = YES;
				MTL_ENABLE_DEBUG_INFO = INCLUDE_SOURCE;
				MTL_FAST_MATH = YES;
				ONLY_ACTIVE_ARCH = YES;
				SDKROOT = iphoneos;
				SWIFT_ACTIVE_COMPILATION_CONDITIONS = "DEBUG $(inherited)";
				SWIFT_OPTIMIZATION_LEVEL = "-Onone";
			};
			name = Debug;
		};
		3F7589542D34E48800DC60EF /* Release */ = {
			isa = XCBuildConfiguration;
			buildSettings = {
				ALWAYS_SEARCH_USER_PATHS = NO;
				ASSETCATALOG_COMPILER_GENERATE_SWIFT_ASSET_SYMBOL_EXTENSIONS = YES;
				CLANG_ANALYZER_NONNULL = YES;
				CLANG_ANALYZER_NUMBER_OBJECT_CONVERSION = YES_AGGRESSIVE;
				CLANG_CXX_LANGUAGE_STANDARD = "gnu++20";
				CLANG_ENABLE_MODULES = YES;
				CLANG_ENABLE_OBJC_ARC = YES;
				CLANG_ENABLE_OBJC_WEAK = YES;
				CLANG_WARN_BLOCK_CAPTURE_AUTORELEASING = YES;
				CLANG_WARN_BOOL_CONVERSION = YES;
				CLANG_WARN_COMMA = YES;
				CLANG_WARN_CONSTANT_CONVERSION = YES;
				CLANG_WARN_DEPRECATED_OBJC_IMPLEMENTATIONS = YES;
				CLANG_WARN_DIRECT_OBJC_ISA_USAGE = YES_ERROR;
				CLANG_WARN_DOCUMENTATION_COMMENTS = YES;
				CLANG_WARN_EMPTY_BODY = YES;
				CLANG_WARN_ENUM_CONVERSION = YES;
				CLANG_WARN_INFINITE_RECURSION = YES;
				CLANG_WARN_INT_CONVERSION = YES;
				CLANG_WARN_NON_LITERAL_NULL_CONVERSION = YES;
				CLANG_WARN_OBJC_IMPLICIT_RETAIN_SELF = YES;
				CLANG_WARN_OBJC_LITERAL_CONVERSION = YES;
				CLANG_WARN_OBJC_ROOT_CLASS = YES_ERROR;
				CLANG_WARN_QUOTED_INCLUDE_IN_FRAMEWORK_HEADER = YES;
				CLANG_WARN_RANGE_LOOP_ANALYSIS = YES;
				CLANG_WARN_STRICT_PROTOTYPES = YES;
				CLANG_WARN_SUSPICIOUS_MOVE = YES;
				CLANG_WARN_UNGUARDED_AVAILABILITY = YES_AGGRESSIVE;
				CLANG_WARN_UNREACHABLE_CODE = YES;
				CLANG_WARN__DUPLICATE_METHOD_MATCH = YES;
				COPY_PHASE_STRIP = NO;
				DEBUG_INFORMATION_FORMAT = "dwarf-with-dsym";
				ENABLE_NS_ASSERTIONS = NO;
				ENABLE_STRICT_OBJC_MSGSEND = YES;
				ENABLE_USER_SCRIPT_SANDBOXING = YES;
				GCC_C_LANGUAGE_STANDARD = gnu17;
				GCC_NO_COMMON_BLOCKS = YES;
				GCC_WARN_64_TO_32_BIT_CONVERSION = YES;
				GCC_WARN_ABOUT_RETURN_TYPE = YES_ERROR;
				GCC_WARN_UNDECLARED_SELECTOR = YES;
				GCC_WARN_UNINITIALIZED_AUTOS = YES_AGGRESSIVE;
				GCC_WARN_UNUSED_FUNCTION = YES;
				GCC_WARN_UNUSED_VARIABLE = YES;
				IPHONEOS_DEPLOYMENT_TARGET = 16.6;
				LOCALIZATION_PREFERS_STRING_CATALOGS = YES;
				MTL_ENABLE_DEBUG_INFO = NO;
				MTL_FAST_MATH = YES;
				SDKROOT = iphoneos;
				SWIFT_COMPILATION_MODE = wholemodule;
				VALIDATE_PRODUCT = YES;
			};
			name = Release;
		};
/* End XCBuildConfiguration section */

/* Begin XCConfigurationList section */
		3F7589382D34E48700DC60EF /* Build configuration list for PBXProject "HappyPaws" */ = {
			isa = XCConfigurationList;
			buildConfigurations = (
				3F7589532D34E48800DC60EF /* Debug */,
				3F7589542D34E48800DC60EF /* Release */,
			);
			defaultConfigurationIsVisible = 0;
			defaultConfigurationName = Release;
		};
		3F7589502D34E48800DC60EF /* Build configuration list for PBXNativeTarget "HappyPaws" */ = {
			isa = XCConfigurationList;
			buildConfigurations = (
				3F7589512D34E48800DC60EF /* Debug */,
				3F7589522D34E48800DC60EF /* Release */,
			);
			defaultConfigurationIsVisible = 0;
			defaultConfigurationName = Release;
		};
/* End XCConfigurationList section */

/* Begin XCRemoteSwiftPackageReference section */
		3FBEF4D02D37163E00AB45C5 /* XCRemoteSwiftPackageReference "GoogleSignIn-iOS" */ = {
			isa = XCRemoteSwiftPackageReference;
			repositoryURL = "https://github.com/google/GoogleSignIn-iOS.git";
			requirement = {
				kind = upToNextMajorVersion;
				minimumVersion = 8.0.0;
			};
		};
		3FD999742D36A7CF00229E4A /* XCRemoteSwiftPackageReference "firebase-ios-sdk" */ = {
			isa = XCRemoteSwiftPackageReference;
			repositoryURL = "https://github.com/firebase/firebase-ios-sdk";
			requirement = {
				kind = upToNextMajorVersion;
				minimumVersion = 11.7.0;
			};
		};
/* End XCRemoteSwiftPackageReference section */

/* Begin XCSwiftPackageProductDependency section */
		3FBEF3DA2D36AD1E00AB45C5 /* FirebaseCore */ = {
			isa = XCSwiftPackageProductDependency;
			package = 3FD999742D36A7CF00229E4A /* XCRemoteSwiftPackageReference "firebase-ios-sdk" */;
			productName = FirebaseCore;
		};
		3FBEF3DC2D36AD6500AB45C5 /* FirebaseAnalytics */ = {
			isa = XCSwiftPackageProductDependency;
			package = 3FD999742D36A7CF00229E4A /* XCRemoteSwiftPackageReference "firebase-ios-sdk" */;
			productName = FirebaseAnalytics;
		};
		3FBEF3DE2D36AD6500AB45C5 /* FirebaseAnalyticsOnDeviceConversion */ = {
			isa = XCSwiftPackageProductDependency;
			package = 3FD999742D36A7CF00229E4A /* XCRemoteSwiftPackageReference "firebase-ios-sdk" */;
			productName = FirebaseAnalyticsOnDeviceConversion;
		};
		3FBEF3E02D36AD6500AB45C5 /* FirebaseAnalyticsWithoutAdIdSupport */ = {
			isa = XCSwiftPackageProductDependency;
			package = 3FD999742D36A7CF00229E4A /* XCRemoteSwiftPackageReference "firebase-ios-sdk" */;
			productName = FirebaseAnalyticsWithoutAdIdSupport;
		};
		3FBEF3E22D36AD6500AB45C5 /* FirebaseAppCheck */ = {
			isa = XCSwiftPackageProductDependency;
			package = 3FD999742D36A7CF00229E4A /* XCRemoteSwiftPackageReference "firebase-ios-sdk" */;
			productName = FirebaseAppCheck;
		};
		3FBEF3E42D36AD6500AB45C5 /* FirebaseAppDistribution-Beta */ = {
			isa = XCSwiftPackageProductDependency;
			package = 3FD999742D36A7CF00229E4A /* XCRemoteSwiftPackageReference "firebase-ios-sdk" */;
			productName = "FirebaseAppDistribution-Beta";
		};
		3FBEF3E62D36AD6500AB45C5 /* FirebaseAuth */ = {
			isa = XCSwiftPackageProductDependency;
			package = 3FD999742D36A7CF00229E4A /* XCRemoteSwiftPackageReference "firebase-ios-sdk" */;
			productName = FirebaseAuth;
		};
		3FBEF3E82D36AD6500AB45C5 /* FirebaseAuthCombine-Community */ = {
			isa = XCSwiftPackageProductDependency;
			package = 3FD999742D36A7CF00229E4A /* XCRemoteSwiftPackageReference "firebase-ios-sdk" */;
			productName = "FirebaseAuthCombine-Community";
		};
		3FBEF3EA2D36AD6500AB45C5 /* FirebaseCrashlytics */ = {
			isa = XCSwiftPackageProductDependency;
			package = 3FD999742D36A7CF00229E4A /* XCRemoteSwiftPackageReference "firebase-ios-sdk" */;
			productName = FirebaseCrashlytics;
		};
		3FBEF3EC2D36AD6500AB45C5 /* FirebaseDatabase */ = {
			isa = XCSwiftPackageProductDependency;
			package = 3FD999742D36A7CF00229E4A /* XCRemoteSwiftPackageReference "firebase-ios-sdk" */;
			productName = FirebaseDatabase;
		};
		3FBEF3EE2D36AD6500AB45C5 /* FirebaseDynamicLinks */ = {
			isa = XCSwiftPackageProductDependency;
			package = 3FD999742D36A7CF00229E4A /* XCRemoteSwiftPackageReference "firebase-ios-sdk" */;
			productName = FirebaseDynamicLinks;
		};
		3FBEF3F02D36AD6500AB45C5 /* FirebaseFirestore */ = {
			isa = XCSwiftPackageProductDependency;
			package = 3FD999742D36A7CF00229E4A /* XCRemoteSwiftPackageReference "firebase-ios-sdk" */;
			productName = FirebaseFirestore;
		};
		3FBEF3F22D36AD6500AB45C5 /* FirebaseFirestoreCombine-Community */ = {
			isa = XCSwiftPackageProductDependency;
			package = 3FD999742D36A7CF00229E4A /* XCRemoteSwiftPackageReference "firebase-ios-sdk" */;
			productName = "FirebaseFirestoreCombine-Community";
		};
		3FBEF3F42D36AD6500AB45C5 /* FirebaseFunctions */ = {
			isa = XCSwiftPackageProductDependency;
			package = 3FD999742D36A7CF00229E4A /* XCRemoteSwiftPackageReference "firebase-ios-sdk" */;
			productName = FirebaseFunctions;
		};
		3FBEF3F62D36AD6500AB45C5 /* FirebaseFunctionsCombine-Community */ = {
			isa = XCSwiftPackageProductDependency;
			package = 3FD999742D36A7CF00229E4A /* XCRemoteSwiftPackageReference "firebase-ios-sdk" */;
			productName = "FirebaseFunctionsCombine-Community";
		};
		3FBEF3F82D36AD6500AB45C5 /* FirebaseInAppMessaging-Beta */ = {
			isa = XCSwiftPackageProductDependency;
			package = 3FD999742D36A7CF00229E4A /* XCRemoteSwiftPackageReference "firebase-ios-sdk" */;
			productName = "FirebaseInAppMessaging-Beta";
		};
		3FBEF3FA2D36AD6500AB45C5 /* FirebaseInstallations */ = {
			isa = XCSwiftPackageProductDependency;
			package = 3FD999742D36A7CF00229E4A /* XCRemoteSwiftPackageReference "firebase-ios-sdk" */;
			productName = FirebaseInstallations;
		};
		3FBEF3FC2D36AD6500AB45C5 /* FirebaseMessaging */ = {
			isa = XCSwiftPackageProductDependency;
			package = 3FD999742D36A7CF00229E4A /* XCRemoteSwiftPackageReference "firebase-ios-sdk" */;
			productName = FirebaseMessaging;
		};
		3FBEF3FE2D36AD6500AB45C5 /* FirebaseMLModelDownloader */ = {
			isa = XCSwiftPackageProductDependency;
			package = 3FD999742D36A7CF00229E4A /* XCRemoteSwiftPackageReference "firebase-ios-sdk" */;
			productName = FirebaseMLModelDownloader;
		};
		3FBEF4002D36AD6500AB45C5 /* FirebasePerformance */ = {
			isa = XCSwiftPackageProductDependency;
			package = 3FD999742D36A7CF00229E4A /* XCRemoteSwiftPackageReference "firebase-ios-sdk" */;
			productName = FirebasePerformance;
		};
		3FBEF4022D36AD6500AB45C5 /* FirebaseRemoteConfig */ = {
			isa = XCSwiftPackageProductDependency;
			package = 3FD999742D36A7CF00229E4A /* XCRemoteSwiftPackageReference "firebase-ios-sdk" */;
			productName = FirebaseRemoteConfig;
		};
		3FBEF4042D36AD6500AB45C5 /* FirebaseStorage */ = {
			isa = XCSwiftPackageProductDependency;
			package = 3FD999742D36A7CF00229E4A /* XCRemoteSwiftPackageReference "firebase-ios-sdk" */;
			productName = FirebaseStorage;
		};
		3FBEF4062D36AD6500AB45C5 /* FirebaseStorageCombine-Community */ = {
			isa = XCSwiftPackageProductDependency;
			package = 3FD999742D36A7CF00229E4A /* XCRemoteSwiftPackageReference "firebase-ios-sdk" */;
			productName = "FirebaseStorageCombine-Community";
		};
		3FBEF4082D36AD6500AB45C5 /* FirebaseVertexAI */ = {
			isa = XCSwiftPackageProductDependency;
			package = 3FD999742D36A7CF00229E4A /* XCRemoteSwiftPackageReference "firebase-ios-sdk" */;
			productName = FirebaseVertexAI;
		};
		3FBEF4D12D37163E00AB45C5 /* GoogleSignIn */ = {
			isa = XCSwiftPackageProductDependency;
			package = 3FBEF4D02D37163E00AB45C5 /* XCRemoteSwiftPackageReference "GoogleSignIn-iOS" */;
			productName = GoogleSignIn;
		};
		3FBEF4D32D37163E00AB45C5 /* GoogleSignInSwift */ = {
			isa = XCSwiftPackageProductDependency;
			package = 3FBEF4D02D37163E00AB45C5 /* XCRemoteSwiftPackageReference "GoogleSignIn-iOS" */;
			productName = GoogleSignInSwift;
		};
/* End XCSwiftPackageProductDependency section */
	};
	rootObject = 3F7589352D34E48700DC60EF /* Project object */;
}
